// !$*UTF8*$!
{
	archiveVersion = 1;
	classes = {
	};
	objectVersion = 56;
	objects = {

/* Begin PBXFileReference section */
		E7E2402A2B578DC5000CA437 /* unittest */ = {isa = PBXFileReference; lastKnownFileType = folder; path = unittest; sourceTree = "<group>"; };
		E7E2402B2B578DC5000CA437 /* configure.ac */ = {isa = PBXFileReference; lastKnownFileType = text; path = configure.ac; sourceTree = "<group>"; };
		E7E2402C2B578DC5000CA437 /* tessdata */ = {isa = PBXFileReference; lastKnownFileType = folder; path = tessdata; sourceTree = "<group>"; };
		E7E2402D2B578DC5000CA437 /* INSTALL */ = {isa = PBXFileReference; lastKnownFileType = text; path = INSTALL; sourceTree = "<group>"; };
		E7E2402E2B578DC5000CA437 /* CMakeLists.txt */ = {isa = PBXFileReference; lastKnownFileType = text; path = CMakeLists.txt; sourceTree = "<group>"; };
		E7E2402F2B578DC5000CA437 /* .DS_Store */ = {isa = PBXFileReference; lastKnownFileType = file; path = .DS_Store; sourceTree = "<group>"; };
		E7E240302B578DC5000CA437 /* LICENSE */ = {isa = PBXFileReference; lastKnownFileType = text; path = LICENSE; sourceTree = "<group>"; };
		E7E240312B578DC5000CA437 /* test */ = {isa = PBXFileReference; lastKnownFileType = folder; path = test; sourceTree = "<group>"; };
		E7E240322B578DC5000CA437 /* cmake */ = {isa = PBXFileReference; lastKnownFileType = folder; path = cmake; sourceTree = "<group>"; };
		E7E240332B578DC5000CA437 /* INSTALL.GIT.md */ = {isa = PBXFileReference; lastKnownFileType = net.daringfireball.markdown; path = INSTALL.GIT.md; sourceTree = "<group>"; };
		E7E240342B578DC5000CA437 /* ChangeLog */ = {isa = PBXFileReference; lastKnownFileType = text; path = ChangeLog; sourceTree = "<group>"; };
		E7E240352B578DC5000CA437 /* AUTHORS */ = {isa = PBXFileReference; lastKnownFileType = text; path = AUTHORS; sourceTree = "<group>"; };
		E7E240362B578DC5000CA437 /* tesseract.pc.in */ = {isa = PBXFileReference; lastKnownFileType = text; path = tesseract.pc.in; sourceTree = "<group>"; };
		E7E240372B578DC5000CA437 /* Dockerfile */ = {isa = PBXFileReference; lastKnownFileType = text; path = Dockerfile; sourceTree = "<group>"; };
		E7E240382B578DC5000CA437 /* include */ = {isa = PBXFileReference; lastKnownFileType = folder; path = include; sourceTree = "<group>"; };
		E7E240392B578DC5000CA437 /* java */ = {isa = PBXFileReference; lastKnownFileType = folder; path = java; sourceTree = "<group>"; };
		E7E2403A2B578DC5000CA437 /* .gitmodules */ = {isa = PBXFileReference; lastKnownFileType = text; path = .gitmodules; sourceTree = "<group>"; };
		E7E2403B2B578DC5000CA437 /* Makefile.am */ = {isa = PBXFileReference; lastKnownFileType = text; path = Makefile.am; sourceTree = "<group>"; };
		E7E2403C2B578DC5000CA437 /* README.md */ = {isa = PBXFileReference; lastKnownFileType = net.daringfireball.markdown; path = README.md; sourceTree = "<group>"; };
		E7E2403D2B578DC5000CA437 /* CITATIONS.bib */ = {isa = PBXFileReference; lastKnownFileType = text; path = CITATIONS.bib; sourceTree = "<group>"; };
		E7E2403E2B578DC5000CA437 /* appveyor.yml */ = {isa = PBXFileReference; lastKnownFileType = text.yaml; path = appveyor.yml; sourceTree = "<group>"; };
		E7E2403F2B578DC5000CA437 /* .gitignore */ = {isa = PBXFileReference; lastKnownFileType = text; path = .gitignore; sourceTree = "<group>"; };
		E7E240402B578DC5000CA437 /* VERSION */ = {isa = PBXFileReference; lastKnownFileType = text; path = VERSION; sourceTree = "<group>"; };
		E7E240412B578DC5000CA437 /* sw.cpp */ = {isa = PBXFileReference; lastKnownFileType = sourcecode.cpp.cpp; path = sw.cpp; sourceTree = "<group>"; };
		E7E240422B578DC5000CA437 /* tesseract.pc.cmake */ = {isa = PBXFileReference; lastKnownFileType = text; path = tesseract.pc.cmake; sourceTree = "<group>"; };
		E7E240432B578DC5000CA437 /* CONTRIBUTING.md */ = {isa = PBXFileReference; lastKnownFileType = net.daringfireball.markdown; path = CONTRIBUTING.md; sourceTree = "<group>"; };
		E7E240442B578DC5000CA437 /* .clang-format */ = {isa = PBXFileReference; lastKnownFileType = text; path = ".clang-format"; sourceTree = "<group>"; };
		E7E240452B578DC5000CA437 /* .github */ = {isa = PBXFileReference; lastKnownFileType = folder; path = .github; sourceTree = "<group>"; };
		E7E240462B578DC5000CA437 /* .gitattributes */ = {isa = PBXFileReference; lastKnownFileType = text; path = .gitattributes; sourceTree = "<group>"; };
		E7E240472B578DC5000CA437 /* snap */ = {isa = PBXFileReference; lastKnownFileType = folder; path = snap; sourceTree = "<group>"; };
		E7E240482B578DC5000CA437 /* m4 */ = {isa = PBXFileReference; lastKnownFileType = folder; path = m4; sourceTree = "<group>"; };
		E7E240492B578DC5000CA437 /* doc */ = {isa = PBXFileReference; lastKnownFileType = folder; path = doc; sourceTree = "<group>"; };
		E7E2404A2B578DC5000CA437 /* docker-compose.yml */ = {isa = PBXFileReference; lastKnownFileType = text.yaml; path = "docker-compose.yml"; sourceTree = "<group>"; };
		E7E2404B2B578DC5000CA437 /* .mailmap */ = {isa = PBXFileReference; lastKnownFileType = text; path = .mailmap; sourceTree = "<group>"; };
		E7E2404C2B578DC5000CA437 /* autogen.sh */ = {isa = PBXFileReference; lastKnownFileType = text.script.sh; path = autogen.sh; sourceTree = "<group>"; };
		E7E2404D2B578DC5000CA437 /* src */ = {isa = PBXFileReference; lastKnownFileType = folder; path = src; sourceTree = "<group>"; };
/* End PBXFileReference section */

/* Begin PBXGroup section */
		E7E240242B578DC5000CA437 = {
			isa = PBXGroup;
			children = (
				E7E2402A2B578DC5000CA437 /* unittest */,
				E7E2402B2B578DC5000CA437 /* configure.ac */,
				E7E2402C2B578DC5000CA437 /* tessdata */,
				E7E2402D2B578DC5000CA437 /* INSTALL */,
				E7E2402E2B578DC5000CA437 /* CMakeLists.txt */,
				E7E2402F2B578DC5000CA437 /* .DS_Store */,
				E7E240302B578DC5000CA437 /* LICENSE */,
				E7E240312B578DC5000CA437 /* test */,
				E7E240322B578DC5000CA437 /* cmake */,
				E7E240332B578DC5000CA437 /* INSTALL.GIT.md */,
				E7E240342B578DC5000CA437 /* ChangeLog */,
				E7E240352B578DC5000CA437 /* AUTHORS */,
				E7E240362B578DC5000CA437 /* tesseract.pc.in */,
				E7E240372B578DC5000CA437 /* Dockerfile */,
				E7E240382B578DC5000CA437 /* include */,
				E7E240392B578DC5000CA437 /* java */,
				E7E2403A2B578DC5000CA437 /* .gitmodules */,
				E7E2403B2B578DC5000CA437 /* Makefile.am */,
				E7E2403C2B578DC5000CA437 /* README.md */,
				E7E2403D2B578DC5000CA437 /* CITATIONS.bib */,
				E7E2403E2B578DC5000CA437 /* appveyor.yml */,
				E7E2403F2B578DC5000CA437 /* .gitignore */,
				E7E240402B578DC5000CA437 /* VERSION */,
				E7E240412B578DC5000CA437 /* sw.cpp */,
				E7E240422B578DC5000CA437 /* tesseract.pc.cmake */,
				E7E240432B578DC5000CA437 /* CONTRIBUTING.md */,
				E7E240442B578DC5000CA437 /* .clang-format */,
				E7E240452B578DC5000CA437 /* .github */,
				E7E240462B578DC5000CA437 /* .gitattributes */,
				E7E240472B578DC5000CA437 /* snap */,
				E7E240482B578DC5000CA437 /* m4 */,
				E7E240492B578DC5000CA437 /* doc */,
				E7E2404A2B578DC5000CA437 /* docker-compose.yml */,
				E7E2404B2B578DC5000CA437 /* .mailmap */,
				E7E2404C2B578DC5000CA437 /* autogen.sh */,
				E7E2404D2B578DC5000CA437 /* src */,
			);
			sourceTree = "<group>";
		};
/* End PBXGroup section */

/* Begin PBXLegacyTarget section */
		E7E240292B578DC5000CA437 /* tesseract-5.3.3 */ = {
			isa = PBXLegacyTarget;
			buildArgumentsString = "$(ACTION)";
			buildConfigurationList = E7E2404E2B578DC5000CA437 /* Build configuration list for PBXLegacyTarget "tesseract-5.3.3" */;
			buildPhases = (
			);
			buildToolPath = /usr/bin/make;
			buildWorkingDirectory = "/Users/vladimir/Desktop/tesseract-5.3.3";
			dependencies = (
			);
			name = "tesseract-5.3.3";
			passBuildSettingsInEnvironment = 1;
			productName = "tesseract-5.3.3";
		};
/* End PBXLegacyTarget section */

/* Begin PBXProject section */
		E7E240252B578DC5000CA437 /* Project object */ = {
			isa = PBXProject;
			attributes = {
				BuildIndependentTargetsInParallel = 1;
			};
			buildConfigurationList = E7E240282B578DC5000CA437 /* Build configuration list for PBXProject "tesseract-5.3.3" */;
			compatibilityVersion = "Xcode 14.0";
			developmentRegion = en;
			hasScannedForEncodings = 0;
			knownRegions = (
				en,
				Base,
			);
			mainGroup = E7E240242B578DC5000CA437;
			projectDirPath = "";
			projectRoot = "";
			targets = (
				E7E240292B578DC5000CA437 /* tesseract-5.3.3 */,
			);
		};
/* End PBXProject section */

/* Begin XCBuildConfiguration section */
		E7E240262B578DC5000CA437 /* Debug */ = {
			isa = XCBuildConfiguration;
			buildSettings = {
				ARCHS = "$(ARCHS_STANDARD_32_BIT)";
				COPY_PHASE_STRIP = NO;
				GCC_WARN_ABOUT_RETURN_TYPE = YES;
				GCC_WARN_UNUSED_VARIABLE = YES;
				ONLY_ACTIVE_ARCH = YES;
				SDKROOT = macosx10.6;
			};
			name = Debug;
		};
		E7E240272B578DC5000CA437 /* Release */ = {
			isa = XCBuildConfiguration;
			buildSettings = {
				ARCHS = "$(ARCHS_STANDARD_32_BIT)";
				COPY_PHASE_STRIP = YES;
				GCC_WARN_ABOUT_RETURN_TYPE = YES;
				GCC_WARN_UNUSED_VARIABLE = YES;
				SDKROOT = macosx10.6;
			};
			name = Release;
		};
		E7E2404F2B578DC5000CA437 /* Debug */ = {
			isa = XCBuildConfiguration;
			buildSettings = {
				COPY_PHASE_STRIP = NO;
				DEBUGGING_SYMBOLS = YES;
				GCC_DYNAMIC_NO_PIC = NO;
				GCC_ENABLE_FIX_AND_CONTINUE = YES;
				GCC_GENERATE_DEBUGGING_SYMBOLS = YES;
				GCC_OPTIMIZATION_LEVEL = 0;
				OTHER_CFLAGS = "";
				OTHER_LDFLAGS = "";
				PRODUCT_NAME = "tesseract-5.3.3";
			};
			name = Debug;
		};
		E7E240502B578DC5000CA437 /* Release */ = {
			isa = XCBuildConfiguration;
			buildSettings = {
				COPY_PHASE_STRIP = YES;
				DEBUG_INFORMATION_FORMAT = "dwarf-with-dsym";
				GCC_ENABLE_FIX_AND_CONTINUE = NO;
				OTHER_CFLAGS = "";
				OTHER_LDFLAGS = "";
				PRODUCT_NAME = "tesseract-5.3.3";
			};
			name = Release;
		};
/* End XCBuildConfiguration section */

/* Begin XCConfigurationList section */
		E7E240282B578DC5000CA437 /* Build configuration list for PBXProject "tesseract-5.3.3" */ = {
			isa = XCConfigurationList;
			buildConfigurations = (
				E7E240262B578DC5000CA437 /* Debug */,
				E7E240272B578DC5000CA437 /* Release */,
			);
			defaultConfigurationIsVisible = 0;
			defaultConfigurationName = Release;
		};
		E7E2404E2B578DC5000CA437 /* Build configuration list for PBXLegacyTarget "tesseract-5.3.3" */ = {
			isa = XCConfigurationList;
			buildConfigurations = (
				E7E2404F2B578DC5000CA437 /* Debug */,
				E7E240502B578DC5000CA437 /* Release */,
			);
			defaultConfigurationIsVisible = 0;
			defaultConfigurationName = Release;
		};
/* End XCConfigurationList section */
	};
	rootObject = E7E240252B578DC5000CA437 /* Project object */;
}
